
Microsoft Visual Studio Solution File, Format Version 12.00
# Visual Studio Version 17
VisualStudioVersion = 17.9.34723.18
MinimumVisualStudioVersion = 10.0.40219.1
Project("{9A19103F-16F7-4668-BE54-9A1E7A4F7556}") = "proglaba1", "proglaba1\proglaba1.csproj", "{B76808F6-C819-4FBC-95F4-83CBAA06C812}"
EndProject
Project("{FAE04EC0-301F-11D3-BF4B-00C04F79EFBC}") = "TestProject1", "TestProject1\TestProject1.csproj", "{619117D4-CD5A-403F-A0C7-6AD5F11985C4}"
EndProject
Global
	GlobalSection(SolutionConfigurationPlatforms) = preSolution
		Debug|Any CPU = Debug|Any CPU
		Release|Any CPU = Release|Any CPU
	EndGlobalSection
	GlobalSection(ProjectConfigurationPlatforms) = postSolution
		{B76808F6-C819-4FBC-95F4-83CBAA06C812}.Debug|Any CPU.ActiveCfg = Debug|Any CPU
		{B76808F6-C819-4FBC-95F4-83CBAA06C812}.Debug|Any CPU.Build.0 = Debug|Any CPU
		{B76808F6-C819-4FBC-95F4-83CBAA06C812}.Release|Any CPU.ActiveCfg = Release|Any CPU
		{B76808F6-C819-4FBC-95F4-83CBAA06C812}.Release|Any CPU.Build.0 = Release|Any CPU
		{619117D4-CD5A-403F-A0C7-6AD5F11985C4}.Debug|Any CPU.ActiveCfg = Debug|Any CPU
		{619117D4-CD5A-403F-A0C7-6AD5F11985C4}.Debug|Any CPU.Build.0 = Debug|Any CPU
		{619117D4-CD5A-403F-A0C7-6AD5F11985C4}.Release|Any CPU.ActiveCfg = Release|Any CPU
		{619117D4-CD5A-403F-A0C7-6AD5F11985C4}.Release|Any CPU.Build.0 = Release|Any CPU
	EndGlobalSection
	GlobalSection(SolutionProperties) = preSolution
		HideSolutionNode = FALSE
	EndGlobalSection
	GlobalSection(ExtensibilityGlobals) = postSolution
		SolutionGuid = {D5842D9D-833A-405F-8254-4954C027911F}
	EndGlobalSection
EndGlobal
